dependencies:
- name: nodejs
  repository: oci://hmctsprod.azurecr.io/helm
  version: 3.2.1
- name: redis
  repository: oci://registry-1.docker.io/bitnamicharts
  version: 27.0.18
digest: sha256:9e35a534b6b68ba6d4b90db201e92e8328bc04fa50f8bef108be4598a600122a
generated: "2026-08-18T14:07:24.338957368Z"
