dependencies:
- name: nodejs
  repository: oci://hmctsprod.azurecr.io/helm
  version: 3.2.1
- name: redis
  repository: oci://registry-1.docker.io/bitnamicharts
  version: 28.0.6
digest: sha256:d05da60e2f04565f327122b5a7c159d53cb3be5ed9ff0672039ebd064d1f13e8
generated: "2026-08-18T14:08:42.461237895Z"
